
Microsoft Visual Studio Solution File, Format Version 12.00
# Visual Studio 15
Project("{FAE04EC0-301F-11D3-BF4B-00C04F79EFBC}") = "Assembly-CSharp-Editor", "Assembly-CSharp-Editor.csproj", "{F11600EB-898D-484B-46DD-55987EF70183}"
EndProject
Project("{FAE04EC0-301F-11D3-BF4B-00C04F79EFBC}") = "Assembly-CSharp", "Assembly-CSharp.csproj", "{A7512EFA-7D23-1A08-84B5-7AD9B2102FB6}"
EndProject
Global
	GlobalSection(SolutionConfigurationPlatforms) = preSolution
		Debug|Any CPU = Debug|Any CPU
		Release|Any CPU = Release|Any CPU
	EndGlobalSection
	GlobalSection(ProjectConfigurationPlatforms) = postSolution
		{F11600EB-898D-484B-46DD-55987EF70183}.Debug|Any CPU.ActiveCfg = Debug|Any CPU
		{F11600EB-898D-484B-46DD-55987EF70183}.Debug|Any CPU.Build.0 = Debug|Any CPU
		{F11600EB-898D-484B-46DD-55987EF70183}.Release|Any CPU.ActiveCfg = Release|Any CPU
		{F11600EB-898D-484B-46DD-55987EF70183}.Release|Any CPU.Build.0 = Release|Any CPU
		{A7512EFA-7D23-1A08-84B5-7AD9B2102FB6}.Debug|Any CPU.ActiveCfg = Debug|Any CPU
		{A7512EFA-7D23-1A08-84B5-7AD9B2102FB6}.Debug|Any CPU.Build.0 = Debug|Any CPU
		{A7512EFA-7D23-1A08-84B5-7AD9B2102FB6}.Release|Any CPU.ActiveCfg = Release|Any CPU
		{A7512EFA-7D23-1A08-84B5-7AD9B2102FB6}.Release|Any CPU.Build.0 = Release|Any CPU
	EndGlobalSection
	GlobalSection(SolutionProperties) = preSolution
		HideSolutionNode = FALSE
	EndGlobalSection
EndGlobal
